
Microsoft Visual Studio Solution File, Format Version 12.00
# Visual Studio Version 17
VisualStudioVersion = 17.3.32922.545
MinimumVisualStudioVersion = 10.0.40219.1
Project("{2150E333-8FDC-42A3-9474-1A3956D46DE8}") = "COMMON", "COMMON", "{D2ECA97B-1131-410C-B04D-803015C7D92D}"
EndProject
Project("{2150E333-8FDC-42A3-9474-1A3956D46DE8}") = "BACKEND", "BACKEND", "{3956D3EE-85E4-4FC2-AFBB-68EADD456164}"
EndProject
Project("{2150E333-8FDC-42A3-9474-1A3956D46DE8}") = "API", "API", "{CD1662DD-AAD4-40AD-888F-0DC3861D0A0A}"
EndProject
Project("{2150E333-8FDC-42A3-9474-1A3956D46DE8}") = "CORE", "CORE", "{6F88839A-53EC-4F2D-8A9D-080F73D37629}"
EndProject
Project("{FAE04EC0-301F-11D3-BF4B-00C04F79EFBC}") = "DOMAIN", "DOMAIN\DOMAIN.csproj", "{73BEF1EF-B20B-493D-B0EE-CD1B9DBB558E}"
EndProject
Project("{FAE04EC0-301F-11D3-BF4B-00C04F79EFBC}") = "APPLICATION", "APPLICATION\APPLICATION.csproj", "{1E82BE4E-8E91-4087-AB3A-BCCB7E740F1E}"
EndProject
Project("{FAE04EC0-301F-11D3-BF4B-00C04F79EFBC}") = "INFRASTRUCTURE", "INFRAESTRUCTURE\INFRASTRUCTURE.csproj", "{61C190AB-1EC5-43CF-B3F5-89478CB54980}"
EndProject
Project("{FAE04EC0-301F-11D3-BF4B-00C04F79EFBC}") = "API", "API\API.csproj", "{D4562118-CB91-4297-A673-096D2C282DC4}"
EndProject
Project("{FAE04EC0-301F-11D3-BF4B-00C04F79EFBC}") = "COMMON.DOMAIN", "COMMON.DOMAIN\COMMON.DOMAIN.csproj", "{C0F09117-F58F-44E6-A1A7-FC3DDC82DCB1}"
EndProject
Project("{FAE04EC0-301F-11D3-BF4B-00C04F79EFBC}") = "COMMON.APPLICATION.BUS", "COMMON.APPLICATION.BUS\COMMON.APPLICATION.BUS.csproj", "{0592C316-12C2-4FE2-8D34-FF61FE574E19}"
EndProject
Project("{FAE04EC0-301F-11D3-BF4B-00C04F79EFBC}") = "COMMON.APPLICATION.MAPPING", "COMMON.APPLICATION.MAPPING\COMMON.APPLICATION.MAPPING.csproj", "{197849F7-662F-4CAB-A15E-E05D4A12FCAA}"
EndProject
Project("{FAE04EC0-301F-11D3-BF4B-00C04F79EFBC}") = "COMMON.APPLICATION.REPOSITORIES.SQL", "COMMON.APPLICATION.REPOSITORIES.SQL\COMMON.APPLICATION.REPOSITORIES.SQL.csproj", "{7C593404-91C7-4764-8C2F-5EA24D66A129}"
EndProject
Project("{FAE04EC0-301F-11D3-BF4B-00C04F79EFBC}") = "COMMON.INFRASTRUCTURE.REPOSITORIES.SQL", "COMMON.INFRAESTRUCTURE.REPOSITORIES.SQL\COMMON.INFRASTRUCTURE.REPOSITORIES.SQL.csproj", "{3D4C915C-736D-4135-8A00-D6956F46D80E}"
EndProject
Project("{FAE04EC0-301F-11D3-BF4B-00C04F79EFBC}") = "COMMON.INFRASTRUCTURE.HTTP", "COMMON.INFRASTRUCTURE.HTTP\COMMON.INFRASTRUCTURE.HTTP.csproj", "{362ED50E-983F-4DD8-8CEE-2853805BE68A}"
EndProject
Global
	GlobalSection(SolutionConfigurationPlatforms) = preSolution
		Debug|Any CPU = Debug|Any CPU
		Release|Any CPU = Release|Any CPU
	EndGlobalSection
	GlobalSection(ProjectConfigurationPlatforms) = postSolution
		{73BEF1EF-B20B-493D-B0EE-CD1B9DBB558E}.Debug|Any CPU.ActiveCfg = Debug|Any CPU
		{73BEF1EF-B20B-493D-B0EE-CD1B9DBB558E}.Debug|Any CPU.Build.0 = Debug|Any CPU
		{73BEF1EF-B20B-493D-B0EE-CD1B9DBB558E}.Release|Any CPU.ActiveCfg = Release|Any CPU
		{73BEF1EF-B20B-493D-B0EE-CD1B9DBB558E}.Release|Any CPU.Build.0 = Release|Any CPU
		{1E82BE4E-8E91-4087-AB3A-BCCB7E740F1E}.Debug|Any CPU.ActiveCfg = Debug|Any CPU
		{1E82BE4E-8E91-4087-AB3A-BCCB7E740F1E}.Debug|Any CPU.Build.0 = Debug|Any CPU
		{1E82BE4E-8E91-4087-AB3A-BCCB7E740F1E}.Release|Any CPU.ActiveCfg = Release|Any CPU
		{1E82BE4E-8E91-4087-AB3A-BCCB7E740F1E}.Release|Any CPU.Build.0 = Release|Any CPU
		{61C190AB-1EC5-43CF-B3F5-89478CB54980}.Debug|Any CPU.ActiveCfg = Debug|Any CPU
		{61C190AB-1EC5-43CF-B3F5-89478CB54980}.Debug|Any CPU.Build.0 = Debug|Any CPU
		{61C190AB-1EC5-43CF-B3F5-89478CB54980}.Release|Any CPU.ActiveCfg = Release|Any CPU
		{61C190AB-1EC5-43CF-B3F5-89478CB54980}.Release|Any CPU.Build.0 = Release|Any CPU
		{D4562118-CB91-4297-A673-096D2C282DC4}.Debug|Any CPU.ActiveCfg = Debug|Any CPU
		{D4562118-CB91-4297-A673-096D2C282DC4}.Debug|Any CPU.Build.0 = Debug|Any CPU
		{D4562118-CB91-4297-A673-096D2C282DC4}.Release|Any CPU.ActiveCfg = Release|Any CPU
		{D4562118-CB91-4297-A673-096D2C282DC4}.Release|Any CPU.Build.0 = Release|Any CPU
		{C0F09117-F58F-44E6-A1A7-FC3DDC82DCB1}.Debug|Any CPU.ActiveCfg = Debug|Any CPU
		{C0F09117-F58F-44E6-A1A7-FC3DDC82DCB1}.Debug|Any CPU.Build.0 = Debug|Any CPU
		{C0F09117-F58F-44E6-A1A7-FC3DDC82DCB1}.Release|Any CPU.ActiveCfg = Release|Any CPU
		{C0F09117-F58F-44E6-A1A7-FC3DDC82DCB1}.Release|Any CPU.Build.0 = Release|Any CPU
		{0592C316-12C2-4FE2-8D34-FF61FE574E19}.Debug|Any CPU.ActiveCfg = Debug|Any CPU
		{0592C316-12C2-4FE2-8D34-FF61FE574E19}.Debug|Any CPU.Build.0 = Debug|Any CPU
		{0592C316-12C2-4FE2-8D34-FF61FE574E19}.Release|Any CPU.ActiveCfg = Release|Any CPU
		{0592C316-12C2-4FE2-8D34-FF61FE574E19}.Release|Any CPU.Build.0 = Release|Any CPU
		{197849F7-662F-4CAB-A15E-E05D4A12FCAA}.Debug|Any CPU.ActiveCfg = Debug|Any CPU
		{197849F7-662F-4CAB-A15E-E05D4A12FCAA}.Debug|Any CPU.Build.0 = Debug|Any CPU
		{197849F7-662F-4CAB-A15E-E05D4A12FCAA}.Release|Any CPU.ActiveCfg = Release|Any CPU
		{197849F7-662F-4CAB-A15E-E05D4A12FCAA}.Release|Any CPU.Build.0 = Release|Any CPU
		{7C593404-91C7-4764-8C2F-5EA24D66A129}.Debug|Any CPU.ActiveCfg = Debug|Any CPU
		{7C593404-91C7-4764-8C2F-5EA24D66A129}.Debug|Any CPU.Build.0 = Debug|Any CPU
		{7C593404-91C7-4764-8C2F-5EA24D66A129}.Release|Any CPU.ActiveCfg = Release|Any CPU
		{7C593404-91C7-4764-8C2F-5EA24D66A129}.Release|Any CPU.Build.0 = Release|Any CPU
		{3D4C915C-736D-4135-8A00-D6956F46D80E}.Debug|Any CPU.ActiveCfg = Debug|Any CPU
		{3D4C915C-736D-4135-8A00-D6956F46D80E}.Debug|Any CPU.Build.0 = Debug|Any CPU
		{3D4C915C-736D-4135-8A00-D6956F46D80E}.Release|Any CPU.ActiveCfg = Release|Any CPU
		{3D4C915C-736D-4135-8A00-D6956F46D80E}.Release|Any CPU.Build.0 = Release|Any CPU
		{362ED50E-983F-4DD8-8CEE-2853805BE68A}.Debug|Any CPU.ActiveCfg = Debug|Any CPU
		{362ED50E-983F-4DD8-8CEE-2853805BE68A}.Debug|Any CPU.Build.0 = Debug|Any CPU
		{362ED50E-983F-4DD8-8CEE-2853805BE68A}.Release|Any CPU.ActiveCfg = Release|Any CPU
		{362ED50E-983F-4DD8-8CEE-2853805BE68A}.Release|Any CPU.Build.0 = Release|Any CPU
	EndGlobalSection
	GlobalSection(SolutionProperties) = preSolution
		HideSolutionNode = FALSE
	EndGlobalSection
	GlobalSection(NestedProjects) = preSolution
		{CD1662DD-AAD4-40AD-888F-0DC3861D0A0A} = {3956D3EE-85E4-4FC2-AFBB-68EADD456164}
		{6F88839A-53EC-4F2D-8A9D-080F73D37629} = {3956D3EE-85E4-4FC2-AFBB-68EADD456164}
		{73BEF1EF-B20B-493D-B0EE-CD1B9DBB558E} = {6F88839A-53EC-4F2D-8A9D-080F73D37629}
		{1E82BE4E-8E91-4087-AB3A-BCCB7E740F1E} = {6F88839A-53EC-4F2D-8A9D-080F73D37629}
		{61C190AB-1EC5-43CF-B3F5-89478CB54980} = {6F88839A-53EC-4F2D-8A9D-080F73D37629}
		{D4562118-CB91-4297-A673-096D2C282DC4} = {CD1662DD-AAD4-40AD-888F-0DC3861D0A0A}
		{C0F09117-F58F-44E6-A1A7-FC3DDC82DCB1} = {D2ECA97B-1131-410C-B04D-803015C7D92D}
		{0592C316-12C2-4FE2-8D34-FF61FE574E19} = {D2ECA97B-1131-410C-B04D-803015C7D92D}
		{197849F7-662F-4CAB-A15E-E05D4A12FCAA} = {D2ECA97B-1131-410C-B04D-803015C7D92D}
		{7C593404-91C7-4764-8C2F-5EA24D66A129} = {D2ECA97B-1131-410C-B04D-803015C7D92D}
		{3D4C915C-736D-4135-8A00-D6956F46D80E} = {D2ECA97B-1131-410C-B04D-803015C7D92D}
		{362ED50E-983F-4DD8-8CEE-2853805BE68A} = {D2ECA97B-1131-410C-B04D-803015C7D92D}
	EndGlobalSection
	GlobalSection(ExtensibilityGlobals) = postSolution
		SolutionGuid = {324F4AD8-FED4-4AE1-9605-A417437CA0DD}
	EndGlobalSection
EndGlobal
